
Microsoft Visual Studio Solution File, Format Version 12.00
# Visual Studio Version 16
VisualStudioVersion = 16.0.30002.166
MinimumVisualStudioVersion = 10.0.40219.1
Project("{FAE04EC0-301F-11D3-BF4B-00C04F79EFBC}") = "MorphComplementer", "MorphComplementer.csproj", "{200CE364-4B47-46E4-953D-1AA233E2099B}"
EndProject
Global
	GlobalSection(SolutionConfigurationPlatforms) = preSolution
		Debug|Any CPU = Debug|Any CPU
		Release|Any CPU = Release|Any CPU
	EndGlobalSection
	GlobalSection(ProjectConfigurationPlatforms) = postSolution
		{200CE364-4B47-46E4-953D-1AA233E2099B}.Debug|Any CPU.ActiveCfg = Debug|Any CPU
		{200CE364-4B47-46E4-953D-1AA233E2099B}.Debug|Any CPU.Build.0 = Debug|Any CPU
		{200CE364-4B47-46E4-953D-1AA233E2099B}.Release|Any CPU.ActiveCfg = Release|Any CPU
		{200CE364-4B47-46E4-953D-1AA233E2099B}.Release|Any CPU.Build.0 = Release|Any CPU
	EndGlobalSection
	GlobalSection(SolutionProperties) = preSolution
		HideSolutionNode = FALSE
	EndGlobalSection
	GlobalSection(ExtensibilityGlobals) = postSolution
		SolutionGuid = {957922BA-57D2-4F5A-94EC-7161C1596380}
	EndGlobalSection
EndGlobal
